<?xml version="1.0" encoding="UTF-8" standalone="yes" ?>
<CodeBlocks_project_file>
	<FileVersion major="1" minor="6" />
	<Project>
		<Option title="coolprop" />
		<Option pch_mode="2" />
		<Option compiler="gcc" />
		<Build>
			<Target title="Debug">
				<Option output="bin/Debug/coolprop" prefix_auto="1" extension_auto="1" />
				<Option object_output="obj/Debug/" />
				<Option type="1" />
				<Option compiler="gcc" />
				<Compiler>
					<Add option="-g" />
					<Add option="-DENABLE_CATCH" />
					<Add directory="../../../include" />
				</Compiler>
			</Target>
			<Target title="Release">
				<Option output="bin/Release/coolprop" prefix_auto="1" extension_auto="1" />
				<Option object_output="obj/Release/" />
				<Option type="1" />
				<Option compiler="gcc" />
				<Compiler>
					<Add option="-O2" />
					<Add directory="../../../include" />
				</Compiler>
				<Linker>
					<Add option="-s" />
				</Linker>
			</Target>
		</Build>
		<Compiler>
			<Add option="-Wall" />
			<Add option="-fexceptions" />
		</Compiler>
		<Unit filename="../../../include/AbstractState.h" />
		<Unit filename="../../../include/CachedElement.h" />
		<Unit filename="../../../include/CoolProp.h" />
		<Unit filename="../../../include/CoolPropFluid.h" />
		<Unit filename="../../../include/CoolPropLib.h" />
		<Unit filename="../../../include/CoolPropTools.h" />
		<Unit filename="../../../include/DataStructures.h" />
		<Unit filename="../../../include/Exceptions.h" />
		<Unit filename="../../../include/Helmholtz.h" />
		<Unit filename="../../../include/HumidAirProp.h" />
		<Unit filename="../../../include/Ice.h" />
		<Unit filename="../../../include/MatrixMath.h" />
		<Unit filename="../../../include/PlatformDetermination.h" />
		<Unit filename="../../../include/PolyMath.h" />
		<Unit filename="../../../include/Solvers.h" />
		<Unit filename="../../../include/SpeedTest.h" />
		<Unit filename="../../../include/Tests.h" />
		<Unit filename="../../../include/all_fluids_JSON.h" />
		<Unit filename="../../../include/catch.hpp" />
		<Unit filename="../../../include/cpversion.h" />
		<Unit filename="../../../include/crossplatform_shared_ptr.h" />
		<Unit filename="../../../include/gitrevision.h" />
		<Unit filename="../../../include/mixture_excess_term_JSON.h" />
		<Unit filename="../../../include/mixture_reducing_parameters_JSON.h" />
		<Unit filename="../../../include/rapidjson/rapidjson/document.h" />
		<Unit filename="../../../include/rapidjson/rapidjson/filestream.h" />
		<Unit filename="../../../include/rapidjson/rapidjson/internal/pow10.h" />
		<Unit filename="../../../include/rapidjson/rapidjson/internal/stack.h" />
		<Unit filename="../../../include/rapidjson/rapidjson/internal/strfunc.h" />
		<Unit filename="../../../include/rapidjson/rapidjson/prettywriter.h" />
		<Unit filename="../../../include/rapidjson/rapidjson/rapidjson.h" />
		<Unit filename="../../../include/rapidjson/rapidjson/reader.h" />
		<Unit filename="../../../include/rapidjson/rapidjson/stringbuffer.h" />
		<Unit filename="../../../include/rapidjson/rapidjson/writer.h" />
		<Unit filename="../../../include/rapidjson/rapidjson_include.h" />
		<Unit filename="../../../src/AbstractState.cpp" />
		<Unit filename="../../../src/Backends/Helmholtz/ExcessHEFunction.cpp" />
		<Unit filename="../../../src/Backends/Helmholtz/ExcessHEFunction.h" />
		<Unit filename="../../../src/Backends/Helmholtz/FlashRoutines.cpp" />
		<Unit filename="../../../src/Backends/Helmholtz/FlashRoutines.h" />
		<Unit filename="../../../src/Backends/Helmholtz/Fluids/FluidLibrary.cpp" />
		<Unit filename="../../../src/Backends/Helmholtz/Fluids/FluidLibrary.h" />
		<Unit filename="../../../src/Backends/Helmholtz/Fluids/Incompressible.cpp" />
		<Unit filename="../../../src/Backends/Helmholtz/Fluids/Incompressible.h" />
		<Unit filename="../../../src/Backends/Helmholtz/HelmholtzEOSBackend.cpp" />
		<Unit filename="../../../src/Backends/Helmholtz/HelmholtzEOSBackend.h" />
		<Unit filename="../../../src/Backends/Helmholtz/HelmholtzEOSMixtureBackend.cpp" />
		<Unit filename="../../../src/Backends/Helmholtz/HelmholtzEOSMixtureBackend.h" />
		<Unit filename="../../../src/Backends/Helmholtz/ReducingFunctions.cpp" />
		<Unit filename="../../../src/Backends/Helmholtz/ReducingFunctions.h" />
		<Unit filename="../../../src/Backends/Helmholtz/TransportRoutines.cpp" />
		<Unit filename="../../../src/Backends/Helmholtz/TransportRoutines.h" />
		<Unit filename="../../../src/Backends/Helmholtz/VLERoutines.cpp" />
		<Unit filename="../../../src/Backends/Helmholtz/VLERoutines.h" />
		<Unit filename="../../../src/Backends/Incompressible/IncompressibleBackend.cpp" />
		<Unit filename="../../../src/Backends/Incompressible/IncompressibleBackend.h" />
		<Unit filename="../../../src/Backends/REFPROP/REFPROPBackend.cpp" />
		<Unit filename="../../../src/Backends/REFPROP/REFPROPBackend.h" />
		<Unit filename="../../../src/Backends/REFPROP/REFPROPMixtureBackend.cpp" />
		<Unit filename="../../../src/Backends/REFPROP/REFPROPMixtureBackend.h" />
		<Unit filename="../../../src/Backends/REFPROP/REFPROP_lib.h" />
		<Unit filename="../../../src/CoolProp.cpp" />
		<Unit filename="../../../src/CoolPropLIB.cpp" />
		<Unit filename="../../../src/CoolPropTools.cpp" />
		<Unit filename="../../../src/DataStructures.cpp" />
		<Unit filename="../../../src/Helmholtz.cpp" />
		<Unit filename="../../../src/HumidAirProp.cpp" />
		<Unit filename="../../../src/Ice.cpp" />
		<Unit filename="../../../src/MatrixMath.cpp" />
		<Unit filename="../../../src/PolyMath.cpp" />
		<Unit filename="../../../src/Solvers.cpp" />
		<Unit filename="../../../src/SpeedTest.cpp" />
		<Unit filename="../../../src/Tests/CoolProp-Tests.cpp" />
		<Unit filename="../../../src/Tests/Tests.cpp" />
		<Unit filename="../../../src/l10n/english.h" />
		<Unit filename="../../../src/main.cxx" />
		<Extensions>
			<code_completion />
			<envvars />
			<debugger />
			<lib_finder disable_auto="1" />
		</Extensions>
	</Project>
</CodeBlocks_project_file>
